
Microsoft Visual Studio Solution File, Format Version 12.00
# Visual Studio Version 16
VisualStudioVersion = 16.0.31205.134
MinimumVisualStudioVersion = 10.0.40219.1
Project("{9A19103F-16F7-4668-BE54-9A1E7A4F7556}") = "SimpleShooter", "SimpleShooter.csproj", "{2D0E3589-5003-4F4A-81BB-E09BDB9D363E}"
EndProject
Global
	GlobalSection(SolutionConfigurationPlatforms) = preSolution
		Debug|Any CPU = Debug|Any CPU
		Release|Any CPU = Release|Any CPU
	EndGlobalSection
	GlobalSection(ProjectConfigurationPlatforms) = postSolution
		{2D0E3589-5003-4F4A-81BB-E09BDB9D363E}.Debug|Any CPU.ActiveCfg = Debug|Any CPU
		{2D0E3589-5003-4F4A-81BB-E09BDB9D363E}.Debug|Any CPU.Build.0 = Debug|Any CPU
		{2D0E3589-5003-4F4A-81BB-E09BDB9D363E}.Release|Any CPU.ActiveCfg = Release|Any CPU
		{2D0E3589-5003-4F4A-81BB-E09BDB9D363E}.Release|Any CPU.Build.0 = Release|Any CPU
	EndGlobalSection
	GlobalSection(SolutionProperties) = preSolution
		HideSolutionNode = FALSE
	EndGlobalSection
	GlobalSection(ExtensibilityGlobals) = postSolution
		SolutionGuid = {FDBD0330-4C2B-41AC-B3AB-8A518B45BE72}
	EndGlobalSection
EndGlobal
